
Microsoft Visual Studio Solution File, Format Version 12.00
# Visual Studio Version 16
VisualStudioVersion = 16.0.29201.188
MinimumVisualStudioVersion = 10.0.40219.1
Project("{9A19103F-16F7-4668-BE54-9A1E7A4F7556}") = "HistoricElectionData.Spike", "HistoricElectionData.Spike.csproj", "{ED7431ED-AC10-44A1-9C1B-0EA618F3C22E}"
EndProject
Global
	GlobalSection(SolutionConfigurationPlatforms) = preSolution
		Debug|Any CPU = Debug|Any CPU
		Release|Any CPU = Release|Any CPU
	EndGlobalSection
	GlobalSection(ProjectConfigurationPlatforms) = postSolution
		{ED7431ED-AC10-44A1-9C1B-0EA618F3C22E}.Debug|Any CPU.ActiveCfg = Debug|Any CPU
		{ED7431ED-AC10-44A1-9C1B-0EA618F3C22E}.Debug|Any CPU.Build.0 = Debug|Any CPU
		{ED7431ED-AC10-44A1-9C1B-0EA618F3C22E}.Release|Any CPU.ActiveCfg = Release|Any CPU
		{ED7431ED-AC10-44A1-9C1B-0EA618F3C22E}.Release|Any CPU.Build.0 = Release|Any CPU
	EndGlobalSection
	GlobalSection(SolutionProperties) = preSolution
		HideSolutionNode = FALSE
	EndGlobalSection
	GlobalSection(ExtensibilityGlobals) = postSolution
		SolutionGuid = {C8A6B01E-7D70-4580-8084-B65EF4AB50B7}
	EndGlobalSection
EndGlobal
