
Microsoft Visual Studio Solution File, Format Version 12.00
# Visual Studio Version 16
VisualStudioVersion = 16.0.29201.188
MinimumVisualStudioVersion = 10.0.40219.1
Project("{9A19103F-16F7-4668-BE54-9A1E7A4F7556}") = "HistoricElectionData.Spike", "..\HistoricElectionData.Spike.csproj", "{76B453A9-AC03-4219-9BB4-25F015D58F05}"
EndProject
Global
	GlobalSection(SolutionConfigurationPlatforms) = preSolution
		Debug|Any CPU = Debug|Any CPU
		Release|Any CPU = Release|Any CPU
	EndGlobalSection
	GlobalSection(ProjectConfigurationPlatforms) = postSolution
		{76B453A9-AC03-4219-9BB4-25F015D58F05}.Debug|Any CPU.ActiveCfg = Debug|Any CPU
		{76B453A9-AC03-4219-9BB4-25F015D58F05}.Debug|Any CPU.Build.0 = Debug|Any CPU
		{76B453A9-AC03-4219-9BB4-25F015D58F05}.Release|Any CPU.ActiveCfg = Release|Any CPU
		{76B453A9-AC03-4219-9BB4-25F015D58F05}.Release|Any CPU.Build.0 = Release|Any CPU
	EndGlobalSection
	GlobalSection(SolutionProperties) = preSolution
		HideSolutionNode = FALSE
	EndGlobalSection
	GlobalSection(ExtensibilityGlobals) = postSolution
		SolutionGuid = {2EFE34BC-12D7-49BA-9DEF-12088890F3C1}
	EndGlobalSection
EndGlobal
